
Microsoft Visual Studio Solution File, Format Version 12.00
# Visual Studio Version 16
VisualStudioVersion = 16.0.32802.440
MinimumVisualStudioVersion = 10.0.40219.1
Project("{8BC9CEB8-8B4A-11D0-8D11-00A0C91BC942}") = "Affine_Cipher", "Affine_Cipher.vcxproj", "{698F6451-D94E-438D-9D5E-AE4DFE9C8A4F}"
EndProject
Global
	GlobalSection(SolutionConfigurationPlatforms) = preSolution
		Debug|x64 = Debug|x64
		Debug|x86 = Debug|x86
		Release|x64 = Release|x64
		Release|x86 = Release|x86
	EndGlobalSection
	GlobalSection(ProjectConfigurationPlatforms) = postSolution
		{698F6451-D94E-438D-9D5E-AE4DFE9C8A4F}.Debug|x64.ActiveCfg = Debug|x64
		{698F6451-D94E-438D-9D5E-AE4DFE9C8A4F}.Debug|x64.Build.0 = Debug|x64
		{698F6451-D94E-438D-9D5E-AE4DFE9C8A4F}.Debug|x86.ActiveCfg = Debug|Win32
		{698F6451-D94E-438D-9D5E-AE4DFE9C8A4F}.Debug|x86.Build.0 = Debug|Win32
		{698F6451-D94E-438D-9D5E-AE4DFE9C8A4F}.Release|x64.ActiveCfg = Release|x64
		{698F6451-D94E-438D-9D5E-AE4DFE9C8A4F}.Release|x64.Build.0 = Release|x64
		{698F6451-D94E-438D-9D5E-AE4DFE9C8A4F}.Release|x86.ActiveCfg = Release|Win32
		{698F6451-D94E-438D-9D5E-AE4DFE9C8A4F}.Release|x86.Build.0 = Release|Win32
	EndGlobalSection
	GlobalSection(SolutionProperties) = preSolution
		HideSolutionNode = FALSE
	EndGlobalSection
	GlobalSection(ExtensibilityGlobals) = postSolution
		SolutionGuid = {C40D587A-D165-41B1-B70F-35E43CA3FC84}
	EndGlobalSection
EndGlobal
